
Microsoft Visual Studio Solution File, Format Version 12.00
# Visual Studio Version 16
VisualStudioVersion = 16.0.30907.101
MinimumVisualStudioVersion = 10.0.40219.1
Project("{FAE04EC0-301F-11D3-BF4B-00C04F79EFBC}") = "MyDictionary", "MyDictionary\MyDictionary.csproj", "{FD8C9CEF-E881-4748-92E2-1B9AE8B17481}"
EndProject
Global
	GlobalSection(SolutionConfigurationPlatforms) = preSolution
		Debug|Any CPU = Debug|Any CPU
		Release|Any CPU = Release|Any CPU
	EndGlobalSection
	GlobalSection(ProjectConfigurationPlatforms) = postSolution
		{FD8C9CEF-E881-4748-92E2-1B9AE8B17481}.Debug|Any CPU.ActiveCfg = Debug|Any CPU
		{FD8C9CEF-E881-4748-92E2-1B9AE8B17481}.Debug|Any CPU.Build.0 = Debug|Any CPU
		{FD8C9CEF-E881-4748-92E2-1B9AE8B17481}.Release|Any CPU.ActiveCfg = Release|Any CPU
		{FD8C9CEF-E881-4748-92E2-1B9AE8B17481}.Release|Any CPU.Build.0 = Release|Any CPU
	EndGlobalSection
	GlobalSection(SolutionProperties) = preSolution
		HideSolutionNode = FALSE
	EndGlobalSection
	GlobalSection(ExtensibilityGlobals) = postSolution
		SolutionGuid = {C7A6D343-D3A8-4699-ADCB-B64389C63122}
	EndGlobalSection
EndGlobal
